
Microsoft Visual Studio Solution File, Format Version 12.00
# Visual Studio Version 16
VisualStudioVersion = 16.0.31624.102
MinimumVisualStudioVersion = 10.0.40219.1
Project("{8BC9CEB8-8B4A-11D0-8D11-00A0C91BC942}") = "PKCS7_TEST", "PKCS7_TEST\PKCS7_TEST.vcxproj", "{40ED5704-727A-4348-82ED-6663E05FDB6B}"
EndProject
Project("{8BC9CEB8-8B4A-11D0-8D11-00A0C91BC942}") = "9.RainbowTable", "9.RainbowTable\9.RainbowTable.vcxproj", "{1DC11E7A-43E4-43C1-8C15-F4C0D8EBEF7C}"
EndProject
Project("{8BC9CEB8-8B4A-11D0-8D11-00A0C91BC942}") = "0.SPN_Table", "0.SPN_Table\0.SPN_Table.vcxproj", "{C7EFE56E-08DC-4EE7-A08D-40F3126BD235}"
EndProject
Project("{8BC9CEB8-8B4A-11D0-8D11-00A0C91BC942}") = "1.SPN_Simple", "1.SPN_Simple\1.SPN_Simple.vcxproj", "{0DD7FAF3-C4A8-426B-91C6-75E99C2334C9}"
EndProject
Project("{8BC9CEB8-8B4A-11D0-8D11-00A0C91BC942}") = "2.SPN_LinearAttack", "2.SPN_LinearAttack\2.SPN_LinearAttack.vcxproj", "{56EE7BF5-C993-43BF-8328-0E974B3AD8DE}"
EndProject
Project("{8BC9CEB8-8B4A-11D0-8D11-00A0C91BC942}") = "3.SPN_DifferenceAttack", "3.SPN_DifferenceAttack\3.SPN_DifferenceAttack.vcxproj", "{8A2C7EBA-77A5-4644-A09C-267DCECE2441}"
EndProject
Project("{8BC9CEB8-8B4A-11D0-8D11-00A0C91BC942}") = "4.SPN_Improved", "4.SPN_Improved\4.SPN_Improved.vcxproj", "{CEF8198F-0175-47AB-B76C-928B090E5628}"
EndProject
Project("{8BC9CEB8-8B4A-11D0-8D11-00A0C91BC942}") = "5.RSA_ParameterDetect", "5.RSA_ParameterDetect\5.RSA_ParameterDetect.vcxproj", "{1359B10F-30E5-432E-BDF2-B87984693CD8}"
EndProject
Project("{8BC9CEB8-8B4A-11D0-8D11-00A0C91BC942}") = "7.RSA_SlidingWindow_CRT", "7.RSA_SlidingWindow_CRT\7.RSA_SlidingWindow_CRT.vcxproj", "{5943F921-961D-42DE-BEBF-1FB674F5A059}"
EndProject
Project("{8BC9CEB8-8B4A-11D0-8D11-00A0C91BC942}") = "8.PKCS7_Decode", "8.PKCS7_Decode\8.PKCS7_Decode.vcxproj", "{ED337470-E8BC-4EC9-999F-FC52186C6BDD}"
EndProject
Project("{8BC9CEB8-8B4A-11D0-8D11-00A0C91BC942}") = "6.RSA_ExpMod", "6.RSA_ExpMod\6.RSA_ExpMod.vcxproj", "{76C2EDC1-B552-4B88-AA18-A7057DE7759B}"
EndProject
Global
	GlobalSection(SolutionConfigurationPlatforms) = preSolution
		Debug|x64 = Debug|x64
		Debug|x86 = Debug|x86
		Release|x64 = Release|x64
		Release|x86 = Release|x86
	EndGlobalSection
	GlobalSection(ProjectConfigurationPlatforms) = postSolution
		{40ED5704-727A-4348-82ED-6663E05FDB6B}.Debug|x64.ActiveCfg = Debug|x64
		{40ED5704-727A-4348-82ED-6663E05FDB6B}.Debug|x64.Build.0 = Debug|x64
		{40ED5704-727A-4348-82ED-6663E05FDB6B}.Debug|x86.ActiveCfg = Debug|Win32
		{40ED5704-727A-4348-82ED-6663E05FDB6B}.Debug|x86.Build.0 = Debug|Win32
		{40ED5704-727A-4348-82ED-6663E05FDB6B}.Release|x64.ActiveCfg = Release|x64
		{40ED5704-727A-4348-82ED-6663E05FDB6B}.Release|x64.Build.0 = Release|x64
		{40ED5704-727A-4348-82ED-6663E05FDB6B}.Release|x86.ActiveCfg = Release|Win32
		{40ED5704-727A-4348-82ED-6663E05FDB6B}.Release|x86.Build.0 = Release|Win32
		{1DC11E7A-43E4-43C1-8C15-F4C0D8EBEF7C}.Debug|x64.ActiveCfg = Debug|x64
		{1DC11E7A-43E4-43C1-8C15-F4C0D8EBEF7C}.Debug|x64.Build.0 = Debug|x64
		{1DC11E7A-43E4-43C1-8C15-F4C0D8EBEF7C}.Debug|x86.ActiveCfg = Debug|Win32
		{1DC11E7A-43E4-43C1-8C15-F4C0D8EBEF7C}.Debug|x86.Build.0 = Debug|Win32
		{1DC11E7A-43E4-43C1-8C15-F4C0D8EBEF7C}.Release|x64.ActiveCfg = Release|x64
		{1DC11E7A-43E4-43C1-8C15-F4C0D8EBEF7C}.Release|x64.Build.0 = Release|x64
		{1DC11E7A-43E4-43C1-8C15-F4C0D8EBEF7C}.Release|x86.ActiveCfg = Release|Win32
		{1DC11E7A-43E4-43C1-8C15-F4C0D8EBEF7C}.Release|x86.Build.0 = Release|Win32
		{C7EFE56E-08DC-4EE7-A08D-40F3126BD235}.Debug|x64.ActiveCfg = Debug|x64
		{C7EFE56E-08DC-4EE7-A08D-40F3126BD235}.Debug|x64.Build.0 = Debug|x64
		{C7EFE56E-08DC-4EE7-A08D-40F3126BD235}.Debug|x86.ActiveCfg = Debug|Win32
		{C7EFE56E-08DC-4EE7-A08D-40F3126BD235}.Debug|x86.Build.0 = Debug|Win32
		{C7EFE56E-08DC-4EE7-A08D-40F3126BD235}.Release|x64.ActiveCfg = Release|x64
		{C7EFE56E-08DC-4EE7-A08D-40F3126BD235}.Release|x64.Build.0 = Release|x64
		{C7EFE56E-08DC-4EE7-A08D-40F3126BD235}.Release|x86.ActiveCfg = Release|Win32
		{C7EFE56E-08DC-4EE7-A08D-40F3126BD235}.Release|x86.Build.0 = Release|Win32
		{0DD7FAF3-C4A8-426B-91C6-75E99C2334C9}.Debug|x64.ActiveCfg = Debug|x64
		{0DD7FAF3-C4A8-426B-91C6-75E99C2334C9}.Debug|x64.Build.0 = Debug|x64
		{0DD7FAF3-C4A8-426B-91C6-75E99C2334C9}.Debug|x86.ActiveCfg = Debug|Win32
		{0DD7FAF3-C4A8-426B-91C6-75E99C2334C9}.Debug|x86.Build.0 = Debug|Win32
		{0DD7FAF3-C4A8-426B-91C6-75E99C2334C9}.Release|x64.ActiveCfg = Release|x64
		{0DD7FAF3-C4A8-426B-91C6-75E99C2334C9}.Release|x64.Build.0 = Release|x64
		{0DD7FAF3-C4A8-426B-91C6-75E99C2334C9}.Release|x86.ActiveCfg = Release|Win32
		{0DD7FAF3-C4A8-426B-91C6-75E99C2334C9}.Release|x86.Build.0 = Release|Win32
		{56EE7BF5-C993-43BF-8328-0E974B3AD8DE}.Debug|x64.ActiveCfg = Debug|x64
		{56EE7BF5-C993-43BF-8328-0E974B3AD8DE}.Debug|x64.Build.0 = Debug|x64
		{56EE7BF5-C993-43BF-8328-0E974B3AD8DE}.Debug|x86.ActiveCfg = Debug|Win32
		{56EE7BF5-C993-43BF-8328-0E974B3AD8DE}.Debug|x86.Build.0 = Debug|Win32
		{56EE7BF5-C993-43BF-8328-0E974B3AD8DE}.Release|x64.ActiveCfg = Release|x64
		{56EE7BF5-C993-43BF-8328-0E974B3AD8DE}.Release|x64.Build.0 = Release|x64
		{56EE7BF5-C993-43BF-8328-0E974B3AD8DE}.Release|x86.ActiveCfg = Release|Win32
		{56EE7BF5-C993-43BF-8328-0E974B3AD8DE}.Release|x86.Build.0 = Release|Win32
		{8A2C7EBA-77A5-4644-A09C-267DCECE2441}.Debug|x64.ActiveCfg = Debug|x64
		{8A2C7EBA-77A5-4644-A09C-267DCECE2441}.Debug|x64.Build.0 = Debug|x64
		{8A2C7EBA-77A5-4644-A09C-267DCECE2441}.Debug|x86.ActiveCfg = Debug|Win32
		{8A2C7EBA-77A5-4644-A09C-267DCECE2441}.Debug|x86.Build.0 = Debug|Win32
		{8A2C7EBA-77A5-4644-A09C-267DCECE2441}.Release|x64.ActiveCfg = Release|x64
		{8A2C7EBA-77A5-4644-A09C-267DCECE2441}.Release|x64.Build.0 = Release|x64
		{8A2C7EBA-77A5-4644-A09C-267DCECE2441}.Release|x86.ActiveCfg = Release|Win32
		{8A2C7EBA-77A5-4644-A09C-267DCECE2441}.Release|x86.Build.0 = Release|Win32
		{CEF8198F-0175-47AB-B76C-928B090E5628}.Debug|x64.ActiveCfg = Debug|x64
		{CEF8198F-0175-47AB-B76C-928B090E5628}.Debug|x64.Build.0 = Debug|x64
		{CEF8198F-0175-47AB-B76C-928B090E5628}.Debug|x86.ActiveCfg = Debug|Win32
		{CEF8198F-0175-47AB-B76C-928B090E5628}.Debug|x86.Build.0 = Debug|Win32
		{CEF8198F-0175-47AB-B76C-928B090E5628}.Release|x64.ActiveCfg = Release|x64
		{CEF8198F-0175-47AB-B76C-928B090E5628}.Release|x64.Build.0 = Release|x64
		{CEF8198F-0175-47AB-B76C-928B090E5628}.Release|x86.ActiveCfg = Release|Win32
		{CEF8198F-0175-47AB-B76C-928B090E5628}.Release|x86.Build.0 = Release|Win32
		{1359B10F-30E5-432E-BDF2-B87984693CD8}.Debug|x64.ActiveCfg = Debug|x64
		{1359B10F-30E5-432E-BDF2-B87984693CD8}.Debug|x64.Build.0 = Debug|x64
		{1359B10F-30E5-432E-BDF2-B87984693CD8}.Debug|x86.ActiveCfg = Debug|Win32
		{1359B10F-30E5-432E-BDF2-B87984693CD8}.Debug|x86.Build.0 = Debug|Win32
		{1359B10F-30E5-432E-BDF2-B87984693CD8}.Release|x64.ActiveCfg = Release|x64
		{1359B10F-30E5-432E-BDF2-B87984693CD8}.Release|x64.Build.0 = Release|x64
		{1359B10F-30E5-432E-BDF2-B87984693CD8}.Release|x86.ActiveCfg = Release|Win32
		{1359B10F-30E5-432E-BDF2-B87984693CD8}.Release|x86.Build.0 = Release|Win32
		{5943F921-961D-42DE-BEBF-1FB674F5A059}.Debug|x64.ActiveCfg = Debug|x64
		{5943F921-961D-42DE-BEBF-1FB674F5A059}.Debug|x64.Build.0 = Debug|x64
		{5943F921-961D-42DE-BEBF-1FB674F5A059}.Debug|x86.ActiveCfg = Debug|Win32
		{5943F921-961D-42DE-BEBF-1FB674F5A059}.Debug|x86.Build.0 = Debug|Win32
		{5943F921-961D-42DE-BEBF-1FB674F5A059}.Release|x64.ActiveCfg = Release|x64
		{5943F921-961D-42DE-BEBF-1FB674F5A059}.Release|x64.Build.0 = Release|x64
		{5943F921-961D-42DE-BEBF-1FB674F5A059}.Release|x86.ActiveCfg = Release|Win32
		{5943F921-961D-42DE-BEBF-1FB674F5A059}.Release|x86.Build.0 = Release|Win32
		{ED337470-E8BC-4EC9-999F-FC52186C6BDD}.Debug|x64.ActiveCfg = Debug|x64
		{ED337470-E8BC-4EC9-999F-FC52186C6BDD}.Debug|x64.Build.0 = Debug|x64
		{ED337470-E8BC-4EC9-999F-FC52186C6BDD}.Debug|x86.ActiveCfg = Debug|Win32
		{ED337470-E8BC-4EC9-999F-FC52186C6BDD}.Debug|x86.Build.0 = Debug|Win32
		{ED337470-E8BC-4EC9-999F-FC52186C6BDD}.Release|x64.ActiveCfg = Release|x64
		{ED337470-E8BC-4EC9-999F-FC52186C6BDD}.Release|x64.Build.0 = Release|x64
		{ED337470-E8BC-4EC9-999F-FC52186C6BDD}.Release|x86.ActiveCfg = Release|Win32
		{ED337470-E8BC-4EC9-999F-FC52186C6BDD}.Release|x86.Build.0 = Release|Win32
		{76C2EDC1-B552-4B88-AA18-A7057DE7759B}.Debug|x64.ActiveCfg = Debug|x64
		{76C2EDC1-B552-4B88-AA18-A7057DE7759B}.Debug|x64.Build.0 = Debug|x64
		{76C2EDC1-B552-4B88-AA18-A7057DE7759B}.Debug|x86.ActiveCfg = Debug|Win32
		{76C2EDC1-B552-4B88-AA18-A7057DE7759B}.Debug|x86.Build.0 = Debug|Win32
		{76C2EDC1-B552-4B88-AA18-A7057DE7759B}.Release|x64.ActiveCfg = Release|x64
		{76C2EDC1-B552-4B88-AA18-A7057DE7759B}.Release|x64.Build.0 = Release|x64
		{76C2EDC1-B552-4B88-AA18-A7057DE7759B}.Release|x86.ActiveCfg = Release|Win32
		{76C2EDC1-B552-4B88-AA18-A7057DE7759B}.Release|x86.Build.0 = Release|Win32
	EndGlobalSection
	GlobalSection(SolutionProperties) = preSolution
		HideSolutionNode = FALSE
	EndGlobalSection
	GlobalSection(ExtensibilityGlobals) = postSolution
		SolutionGuid = {F4A4BF07-C1A7-4BAF-91AB-7872C974348E}
	EndGlobalSection
EndGlobal
